
Microsoft Visual Studio Solution File, Format Version 12.00
# Visual Studio Version 16
VisualStudioVersion = 16.0.30204.135
MinimumVisualStudioVersion = 10.0.40219.1
Project("{9A19103F-16F7-4668-BE54-9A1E7A4F7556}") = "DomainLayer", "DomainLayer\DomainLayer.csproj", "{9646E101-716F-4D06-8E1E-BF64BB41A706}"
EndProject
Project("{9A19103F-16F7-4668-BE54-9A1E7A4F7556}") = "API", "API\API.csproj", "{62D9BAC1-4251-4EB2-A20E-BF9EB6DD2845}"
	ProjectSection(ProjectDependencies) = postProject
		{9646E101-716F-4D06-8E1E-BF64BB41A706} = {9646E101-716F-4D06-8E1E-BF64BB41A706}
	EndProjectSection
EndProject
Project("{9A19103F-16F7-4668-BE54-9A1E7A4F7556}") = "DataLayer", "DataLayer\DataLayer.csproj", "{4A7A0053-CC01-4A80-A0BE-D204DEC1891B}"
EndProject
Global
	GlobalSection(SolutionConfigurationPlatforms) = preSolution
		Debug|Any CPU = Debug|Any CPU
		Release|Any CPU = Release|Any CPU
	EndGlobalSection
	GlobalSection(ProjectConfigurationPlatforms) = postSolution
		{9646E101-716F-4D06-8E1E-BF64BB41A706}.Debug|Any CPU.ActiveCfg = Debug|Any CPU
		{9646E101-716F-4D06-8E1E-BF64BB41A706}.Debug|Any CPU.Build.0 = Debug|Any CPU
		{9646E101-716F-4D06-8E1E-BF64BB41A706}.Release|Any CPU.ActiveCfg = Release|Any CPU
		{9646E101-716F-4D06-8E1E-BF64BB41A706}.Release|Any CPU.Build.0 = Release|Any CPU
		{62D9BAC1-4251-4EB2-A20E-BF9EB6DD2845}.Debug|Any CPU.ActiveCfg = Debug|Any CPU
		{62D9BAC1-4251-4EB2-A20E-BF9EB6DD2845}.Debug|Any CPU.Build.0 = Debug|Any CPU
		{62D9BAC1-4251-4EB2-A20E-BF9EB6DD2845}.Release|Any CPU.ActiveCfg = Release|Any CPU
		{62D9BAC1-4251-4EB2-A20E-BF9EB6DD2845}.Release|Any CPU.Build.0 = Release|Any CPU
		{4A7A0053-CC01-4A80-A0BE-D204DEC1891B}.Debug|Any CPU.ActiveCfg = Debug|Any CPU
		{4A7A0053-CC01-4A80-A0BE-D204DEC1891B}.Debug|Any CPU.Build.0 = Debug|Any CPU
		{4A7A0053-CC01-4A80-A0BE-D204DEC1891B}.Release|Any CPU.ActiveCfg = Release|Any CPU
		{4A7A0053-CC01-4A80-A0BE-D204DEC1891B}.Release|Any CPU.Build.0 = Release|Any CPU
	EndGlobalSection
	GlobalSection(SolutionProperties) = preSolution
		HideSolutionNode = FALSE
	EndGlobalSection
	GlobalSection(ExtensibilityGlobals) = postSolution
		SolutionGuid = {C909D612-F843-438F-A37E-AC9E5EF7F1BE}
	EndGlobalSection
EndGlobal
